// !$*UTF8*$!
{
	archiveVersion = 1;
	classes = {
	};
	objectVersion = 50;
	objects = {

/* Begin PBXBuildFile section */
		21EAF740267658C7009F6915 /* AppDelegate.swift in Sources */ = {isa = PBXBuildFile; fileRef = 21EAF73F267658C7009F6915 /* AppDelegate.swift */; };
		21EAF742267658C7009F6915 /* SceneDelegate.swift in Sources */ = {isa = PBXBuildFile; fileRef = 21EAF741267658C7009F6915 /* SceneDelegate.swift */; };
		21EAF747267658C7009F6915 /* Main.storyboard in Resources */ = {isa = PBXBuildFile; fileRef = 21EAF745267658C7009F6915 /* Main.storyboard */; };
		21EAF749267658C9009F6915 /* Assets.xcassets in Resources */ = {isa = PBXBuildFile; fileRef = 21EAF748267658C9009F6915 /* Assets.xcassets */; };
		21EAF74C267658C9009F6915 /* LaunchScreen.storyboard in Resources */ = {isa = PBXBuildFile; fileRef = 21EAF74A267658C9009F6915 /* LaunchScreen.storyboard */; };
		21EAF75626765A2F009F6915 /* Constants.swift in Sources */ = {isa = PBXBuildFile; fileRef = 21EAF75526765A2F009F6915 /* Constants.swift */; };
		21EAF75826765BCC009F6915 /* CategoryViewController.swift in Sources */ = {isa = PBXBuildFile; fileRef = 21EAF75726765BCC009F6915 /* CategoryViewController.swift */; };
		21EAF75C26765C40009F6915 /* ItemsViewController.swift in Sources */ = {isa = PBXBuildFile; fileRef = 21EAF75B26765C40009F6915 /* ItemsViewController.swift */; };
		21EAF75E26765D04009F6915 /* Category.swift in Sources */ = {isa = PBXBuildFile; fileRef = 21EAF75D26765D04009F6915 /* Category.swift */; };
		21EAF76026765D0B009F6915 /* Item.swift in Sources */ = {isa = PBXBuildFile; fileRef = 21EAF75F26765D0B009F6915 /* Item.swift */; };
/* End PBXBuildFile section */

/* Begin PBXFileReference section */
		21EAF73C267658C7009F6915 /* ExecuteList.app */ = {isa = PBXFileReference; explicitFileType = wrapper.application; includeInIndex = 0; path = ExecuteList.app; sourceTree = BUILT_PRODUCTS_DIR; };
		21EAF73F267658C7009F6915 /* AppDelegate.swift */ = {isa = PBXFileReference; lastKnownFileType = sourcecode.swift; path = AppDelegate.swift; sourceTree = "<group>"; };
		21EAF741267658C7009F6915 /* SceneDelegate.swift */ = {isa = PBXFileReference; lastKnownFileType = sourcecode.swift; path = SceneDelegate.swift; sourceTree = "<group>"; };
		21EAF746267658C7009F6915 /* Base */ = {isa = PBXFileReference; lastKnownFileType = file.storyboard; name = Base; path = Base.lproj/Main.storyboard; sourceTree = "<group>"; };
		21EAF748267658C9009F6915 /* Assets.xcassets */ = {isa = PBXFileReference; lastKnownFileType = folder.assetcatalog; path = Assets.xcassets; sourceTree = "<group>"; };
		21EAF74B267658C9009F6915 /* Base */ = {isa = PBXFileReference; lastKnownFileType = file.storyboard; name = Base; path = Base.lproj/LaunchScreen.storyboard; sourceTree = "<group>"; };
		21EAF74D267658C9009F6915 /* Info.plist */ = {isa = PBXFileReference; lastKnownFileType = text.plist.xml; path = Info.plist; sourceTree = "<group>"; };
		21EAF75526765A2F009F6915 /* Constants.swift */ = {isa = PBXFileReference; lastKnownFileType = sourcecode.swift; path = Constants.swift; sourceTree = "<group>"; };
		21EAF75726765BCC009F6915 /* CategoryViewController.swift */ = {isa = PBXFileReference; lastKnownFileType = sourcecode.swift; path = CategoryViewController.swift; sourceTree = "<group>"; };
		21EAF75B26765C40009F6915 /* ItemsViewController.swift */ = {isa = PBXFileReference; lastKnownFileType = sourcecode.swift; path = ItemsViewController.swift; sourceTree = "<group>"; };
		21EAF75D26765D04009F6915 /* Category.swift */ = {isa = PBXFileReference; lastKnownFileType = sourcecode.swift; path = Category.swift; sourceTree = "<group>"; };
		21EAF75F26765D0B009F6915 /* Item.swift */ = {isa = PBXFileReference; lastKnownFileType = sourcecode.swift; path = Item.swift; sourceTree = "<group>"; };
/* End PBXFileReference section */

/* Begin PBXFrameworksBuildPhase section */
		21EAF739267658C7009F6915 /* Frameworks */ = {
			isa = PBXFrameworksBuildPhase;
			buildActionMask = 2147483647;
			files = (
			);
			runOnlyForDeploymentPostprocessing = 0;
		};
/* End PBXFrameworksBuildPhase section */

/* Begin PBXGroup section */
		21EAF733267658C7009F6915 = {
			isa = PBXGroup;
			children = (
				21EAF73E267658C7009F6915 /* ExecuteList */,
				21EAF73D267658C7009F6915 /* Products */,
			);
			sourceTree = "<group>";
		};
		21EAF73D267658C7009F6915 /* Products */ = {
			isa = PBXGroup;
			children = (
				21EAF73C267658C7009F6915 /* ExecuteList.app */,
			);
			name = Products;
			sourceTree = "<group>";
		};
		21EAF73E267658C7009F6915 /* ExecuteList */ = {
			isa = PBXGroup;
			children = (
				21EAF73F267658C7009F6915 /* AppDelegate.swift */,
				21EAF741267658C7009F6915 /* SceneDelegate.swift */,
				21EAF75926765BD5009F6915 /* Controllers */,
				21EAF754267659D7009F6915 /* Views */,
				21EAF75A26765BEE009F6915 /* Models */,
				21EAF75326765991009F6915 /* Support Files */,
				21EAF74A267658C9009F6915 /* LaunchScreen.storyboard */,
			);
			path = ExecuteList;
			sourceTree = "<group>";
		};
		21EAF75326765991009F6915 /* Support Files */ = {
			isa = PBXGroup;
			children = (
				21EAF74D267658C9009F6915 /* Info.plist */,
				21EAF748267658C9009F6915 /* Assets.xcassets */,
				21EAF75526765A2F009F6915 /* Constants.swift */,
			);
			path = "Support Files";
			sourceTree = "<group>";
		};
		21EAF754267659D7009F6915 /* Views */ = {
			isa = PBXGroup;
			children = (
				21EAF745267658C7009F6915 /* Main.storyboard */,
			);
			path = Views;
			sourceTree = "<group>";
		};
		21EAF75926765BD5009F6915 /* Controllers */ = {
			isa = PBXGroup;
			children = (
				21EAF75726765BCC009F6915 /* CategoryViewController.swift */,
				21EAF75B26765C40009F6915 /* ItemsViewController.swift */,
			);
			path = Controllers;
			sourceTree = "<group>";
		};
		21EAF75A26765BEE009F6915 /* Models */ = {
			isa = PBXGroup;
			children = (
				21EAF75D26765D04009F6915 /* Category.swift */,
				21EAF75F26765D0B009F6915 /* Item.swift */,
			);
			path = Models;
			sourceTree = "<group>";
		};
/* End PBXGroup section */

/* Begin PBXNativeTarget section */
		21EAF73B267658C7009F6915 /* ExecuteList */ = {
			isa = PBXNativeTarget;
			buildConfigurationList = 21EAF750267658C9009F6915 /* Build configuration list for PBXNativeTarget "ExecuteList" */;
			buildPhases = (
				21EAF738267658C7009F6915 /* Sources */,
				21EAF739267658C7009F6915 /* Frameworks */,
				21EAF73A267658C7009F6915 /* Resources */,
			);
			buildRules = (
			);
			dependencies = (
			);
			name = ExecuteList;
			productName = ExecuteList;
			productReference = 21EAF73C267658C7009F6915 /* ExecuteList.app */;
			productType = "com.apple.product-type.application";
		};
/* End PBXNativeTarget section */

/* Begin PBXProject section */
		21EAF734267658C7009F6915 /* Project object */ = {
			isa = PBXProject;
			attributes = {
				LastSwiftUpdateCheck = 1250;
				LastUpgradeCheck = 1250;
				TargetAttributes = {
					21EAF73B267658C7009F6915 = {
						CreatedOnToolsVersion = 12.5;
					};
				};
			};
			buildConfigurationList = 21EAF737267658C7009F6915 /* Build configuration list for PBXProject "ExecuteList" */;
			compatibilityVersion = "Xcode 9.3";
			developmentRegion = en;
			hasScannedForEncodings = 0;
			knownRegions = (
				en,
				Base,
			);
			mainGroup = 21EAF733267658C7009F6915;
			productRefGroup = 21EAF73D267658C7009F6915 /* Products */;
			projectDirPath = "";
			projectRoot = "";
			targets = (
				21EAF73B267658C7009F6915 /* ExecuteList */,
			);
		};
/* End PBXProject section */

/* Begin PBXResourcesBuildPhase section */
		21EAF73A267658C7009F6915 /* Resources */ = {
			isa = PBXResourcesBuildPhase;
			buildActionMask = 2147483647;
			files = (
				21EAF74C267658C9009F6915 /* LaunchScreen.storyboard in Resources */,
				21EAF749267658C9009F6915 /* Assets.xcassets in Resources */,
				21EAF747267658C7009F6915 /* Main.storyboard in Resources */,
			);
			runOnlyForDeploymentPostprocessing = 0;
		};
/* End PBXResourcesBuildPhase section */

/* Begin PBXSourcesBuildPhase section */
		21EAF738267658C7009F6915 /* Sources */ = {
			isa = PBXSourcesBuildPhase;
			buildActionMask = 2147483647;
			files = (
				21EAF75C26765C40009F6915 /* ItemsViewController.swift in Sources */,
				21EAF75826765BCC009F6915 /* CategoryViewController.swift in Sources */,
				21EAF740267658C7009F6915 /* AppDelegate.swift in Sources */,
				21EAF742267658C7009F6915 /* SceneDelegate.swift in Sources */,
				21EAF76026765D0B009F6915 /* Item.swift in Sources */,
				21EAF75626765A2F009F6915 /* Constants.swift in Sources */,
				21EAF75E26765D04009F6915 /* Category.swift in Sources */,
			);
			runOnlyForDeploymentPostprocessing = 0;
		};
/* End PBXSourcesBuildPhase section */

/* Begin PBXVariantGroup section */
		21EAF745267658C7009F6915 /* Main.storyboard */ = {
			isa = PBXVariantGroup;
			children = (
				21EAF746267658C7009F6915 /* Base */,
			);
			name = Main.storyboard;
			sourceTree = "<group>";
		};
		21EAF74A267658C9009F6915 /* LaunchScreen.storyboard */ = {
			isa = PBXVariantGroup;
			children = (
				21EAF74B267658C9009F6915 /* Base */,
			);
			name = LaunchScreen.storyboard;
			sourceTree = "<group>";
		};
/* End PBXVariantGroup section */

/* Begin XCBuildConfiguration section */
		21EAF74E267658C9009F6915 /* Debug */ = {
			isa = XCBuildConfiguration;
			buildSettings = {
				ALWAYS_SEARCH_USER_PATHS = NO;
				CLANG_ANALYZER_NONNULL = YES;
				CLANG_ANALYZER_NUMBER_OBJECT_CONVERSION = YES_AGGRESSIVE;
				CLANG_CXX_LANGUAGE_STANDARD = "gnu++14";
				CLANG_CXX_LIBRARY = "libc++";
				CLANG_ENABLE_MODULES = YES;
				CLANG_ENABLE_OBJC_ARC = YES;
				CLANG_ENABLE_OBJC_WEAK = YES;
				CLANG_WARN_BLOCK_CAPTURE_AUTORELEASING = YES;
				CLANG_WARN_BOOL_CONVERSION = YES;
				CLANG_WARN_COMMA = YES;
				CLANG_WARN_CONSTANT_CONVERSION = YES;
				CLANG_WARN_DEPRECATED_OBJC_IMPLEMENTATIONS = YES;
				CLANG_WARN_DIRECT_OBJC_ISA_USAGE = YES_ERROR;
				CLANG_WARN_DOCUMENTATION_COMMENTS = YES;
				CLANG_WARN_EMPTY_BODY = YES;
				CLANG_WARN_ENUM_CONVERSION = YES;
				CLANG_WARN_INFINITE_RECURSION = YES;
				CLANG_WARN_INT_CONVERSION = YES;
				CLANG_WARN_NON_LITERAL_NULL_CONVERSION = YES;
				CLANG_WARN_OBJC_IMPLICIT_RETAIN_SELF = YES;
				CLANG_WARN_OBJC_LITERAL_CONVERSION = YES;
				CLANG_WARN_OBJC_ROOT_CLASS = YES_ERROR;
				CLANG_WARN_QUOTED_INCLUDE_IN_FRAMEWORK_HEADER = YES;
				CLANG_WARN_RANGE_LOOP_ANALYSIS = YES;
				CLANG_WARN_STRICT_PROTOTYPES = YES;
				CLANG_WARN_SUSPICIOUS_MOVE = YES;
				CLANG_WARN_UNGUARDED_AVAILABILITY = YES_AGGRESSIVE;
				CLANG_WARN_UNREACHABLE_CODE = YES;
				CLANG_WARN__DUPLICATE_METHOD_MATCH = YES;
				COPY_PHASE_STRIP = NO;
				DEBUG_INFORMATION_FORMAT = dwarf;
				ENABLE_STRICT_OBJC_MSGSEND = YES;
				ENABLE_TESTABILITY = YES;
				GCC_C_LANGUAGE_STANDARD = gnu11;
				GCC_DYNAMIC_NO_PIC = NO;
				GCC_NO_COMMON_BLOCKS = YES;
				GCC_OPTIMIZATION_LEVEL = 0;
				GCC_PREPROCESSOR_DEFINITIONS = (
					"DEBUG=1",
					"$(inherited)",
				);
				GCC_WARN_64_TO_32_BIT_CONVERSION = YES;
				GCC_WARN_ABOUT_RETURN_TYPE = YES_ERROR;
				GCC_WARN_UNDECLARED_SELECTOR = YES;
				GCC_WARN_UNINITIALIZED_AUTOS = YES_AGGRESSIVE;
				GCC_WARN_UNUSED_FUNCTION = YES;
				GCC_WARN_UNUSED_VARIABLE = YES;
				IPHONEOS_DEPLOYMENT_TARGET = 14.5;
				MTL_ENABLE_DEBUG_INFO = INCLUDE_SOURCE;
				MTL_FAST_MATH = YES;
				ONLY_ACTIVE_ARCH = YES;
				SDKROOT = iphoneos;
				SWIFT_ACTIVE_COMPILATION_CONDITIONS = DEBUG;
				SWIFT_OPTIMIZATION_LEVEL = "-Onone";
			};
			name = Debug;
		};
		21EAF74F267658C9009F6915 /* Release */ = {
			isa = XCBuildConfiguration;
			buildSettings = {
				ALWAYS_SEARCH_USER_PATHS = NO;
				CLANG_ANALYZER_NONNULL = YES;
				CLANG_ANALYZER_NUMBER_OBJECT_CONVERSION = YES_AGGRESSIVE;
				CLANG_CXX_LANGUAGE_STANDARD = "gnu++14";
				CLANG_CXX_LIBRARY = "libc++";
				CLANG_ENABLE_MODULES = YES;
				CLANG_ENABLE_OBJC_ARC = YES;
				CLANG_ENABLE_OBJC_WEAK = YES;
				CLANG_WARN_BLOCK_CAPTURE_AUTORELEASING = YES;
				CLANG_WARN_BOOL_CONVERSION = YES;
				CLANG_WARN_COMMA = YES;
				CLANG_WARN_CONSTANT_CONVERSION = YES;
				CLANG_WARN_DEPRECATED_OBJC_IMPLEMENTATIONS = YES;
				CLANG_WARN_DIRECT_OBJC_ISA_USAGE = YES_ERROR;
				CLANG_WARN_DOCUMENTATION_COMMENTS = YES;
				CLANG_WARN_EMPTY_BODY = YES;
				CLANG_WARN_ENUM_CONVERSION = YES;
				CLANG_WARN_INFINITE_RECURSION = YES;
				CLANG_WARN_INT_CONVERSION = YES;
				CLANG_WARN_NON_LITERAL_NULL_CONVERSION = YES;
				CLANG_WARN_OBJC_IMPLICIT_RETAIN_SELF = YES;
				CLANG_WARN_OBJC_LITERAL_CONVERSION = YES;
				CLANG_WARN_OBJC_ROOT_CLASS = YES_ERROR;
				CLANG_WARN_QUOTED_INCLUDE_IN_FRAMEWORK_HEADER = YES;
				CLANG_WARN_RANGE_LOOP_ANALYSIS = YES;
				CLANG_WARN_STRICT_PROTOTYPES = YES;
				CLANG_WARN_SUSPICIOUS_MOVE = YES;
				CLANG_WARN_UNGUARDED_AVAILABILITY = YES_AGGRESSIVE;
				CLANG_WARN_UNREACHABLE_CODE = YES;
				CLANG_WARN__DUPLICATE_METHOD_MATCH = YES;
				COPY_PHASE_STRIP = NO;
				DEBUG_INFORMATION_FORMAT = "dwarf-with-dsym";
				ENABLE_NS_ASSERTIONS = NO;
				ENABLE_STRICT_OBJC_MSGSEND = YES;
				GCC_C_LANGUAGE_STANDARD = gnu11;
				GCC_NO_COMMON_BLOCKS = YES;
				GCC_WARN_64_TO_32_BIT_CONVERSION = YES;
				GCC_WARN_ABOUT_RETURN_TYPE = YES_ERROR;
				GCC_WARN_UNDECLARED_SELECTOR = YES;
				GCC_WARN_UNINITIALIZED_AUTOS = YES_AGGRESSIVE;
				GCC_WARN_UNUSED_FUNCTION = YES;
				GCC_WARN_UNUSED_VARIABLE = YES;
				IPHONEOS_DEPLOYMENT_TARGET = 14.5;
				MTL_ENABLE_DEBUG_INFO = NO;
				MTL_FAST_MATH = YES;
				SDKROOT = iphoneos;
				SWIFT_COMPILATION_MODE = wholemodule;
				SWIFT_OPTIMIZATION_LEVEL = "-O";
				VALIDATE_PRODUCT = YES;
			};
			name = Release;
		};
		21EAF751267658C9009F6915 /* Debug */ = {
			isa = XCBuildConfiguration;
			buildSettings = {
				ASSETCATALOG_COMPILER_APPICON_NAME = AppIcon;
				ASSETCATALOG_COMPILER_GLOBAL_ACCENT_COLOR_NAME = AccentColor;
				CODE_SIGN_STYLE = Automatic;
				INFOPLIST_FILE = ExecuteList/Info.plist;
				LD_RUNPATH_SEARCH_PATHS = (
					"$(inherited)",
					"@executable_path/Frameworks",
				);
				PRODUCT_BUNDLE_IDENTIFIER = com.myCompany.ExecuteList;
				PRODUCT_NAME = "$(TARGET_NAME)";
				SWIFT_VERSION = 5.0;
				TARGETED_DEVICE_FAMILY = "1,2";
			};
			name = Debug;
		};
		21EAF752267658C9009F6915 /* Release */ = {
			isa = XCBuildConfiguration;
			buildSettings = {
				ASSETCATALOG_COMPILER_APPICON_NAME = AppIcon;
				ASSETCATALOG_COMPILER_GLOBAL_ACCENT_COLOR_NAME = AccentColor;
				CODE_SIGN_STYLE = Automatic;
				INFOPLIST_FILE = ExecuteList/Info.plist;
				LD_RUNPATH_SEARCH_PATHS = (
					"$(inherited)",
					"@executable_path/Frameworks",
				);
				PRODUCT_BUNDLE_IDENTIFIER = com.myCompany.ExecuteList;
				PRODUCT_NAME = "$(TARGET_NAME)";
				SWIFT_VERSION = 5.0;
				TARGETED_DEVICE_FAMILY = "1,2";
			};
			name = Release;
		};
/* End XCBuildConfiguration section */

/* Begin XCConfigurationList section */
		21EAF737267658C7009F6915 /* Build configuration list for PBXProject "ExecuteList" */ = {
			isa = XCConfigurationList;
			buildConfigurations = (
				21EAF74E267658C9009F6915 /* Debug */,
				21EAF74F267658C9009F6915 /* Release */,
			);
			defaultConfigurationIsVisible = 0;
			defaultConfigurationName = Release;
		};
		21EAF750267658C9009F6915 /* Build configuration list for PBXNativeTarget "ExecuteList" */ = {
			isa = XCConfigurationList;
			buildConfigurations = (
				21EAF751267658C9009F6915 /* Debug */,
				21EAF752267658C9009F6915 /* Release */,
			);
			defaultConfigurationIsVisible = 0;
			defaultConfigurationName = Release;
		};
/* End XCConfigurationList section */
	};
	rootObject = 21EAF734267658C7009F6915 /* Project object */;
}
